// !$*UTF8*$!
{
	archiveVersion = 1;
	classes = {
	};
	objectVersion = 46;
	objects = {

/* Begin PBXBuildFile section */
		4D09006F1E6F9B77004A8FEB /* AppDelegate.swift in Sources */ = {isa = PBXBuildFile; fileRef = 4D09006E1E6F9B77004A8FEB /* AppDelegate.swift */; };
		4D0900711E6F9B77004A8FEB /* ViewController.swift in Sources */ = {isa = PBXBuildFile; fileRef = 4D0900701E6F9B77004A8FEB /* ViewController.swift */; };
		4D0900741E6F9B77004A8FEB /* Main.storyboard in Resources */ = {isa = PBXBuildFile; fileRef = 4D0900721E6F9B77004A8FEB /* Main.storyboard */; };
		4D0900761E6F9B77004A8FEB /* Assets.xcassets in Resources */ = {isa = PBXBuildFile; fileRef = 4D0900751E6F9B77004A8FEB /* Assets.xcassets */; };
		4D0900791E6F9B77004A8FEB /* LaunchScreen.storyboard in Resources */ = {isa = PBXBuildFile; fileRef = 4D0900771E6F9B77004A8FEB /* LaunchScreen.storyboard */; };
/* End PBXBuildFile section */

/* Begin PBXFileReference section */
		4D09006B1E6F9B77004A8FEB /* GymBro.app */ = {isa = PBXFileReference; explicitFileType = wrapper.application; includeInIndex = 0; path = GymBro.app; sourceTree = BUILT_PRODUCTS_DIR; };
		4D09006E1E6F9B77004A8FEB /* AppDelegate.swift */ = {isa = PBXFileReference; lastKnownFileType = sourcecode.swift; path = AppDelegate.swift; sourceTree = "<group>"; };
		4D0900701E6F9B77004A8FEB /* ViewController.swift */ = {isa = PBXFileReference; lastKnownFileType = sourcecode.swift; path = ViewController.swift; sourceTree = "<group>"; };
		4D0900731E6F9B77004A8FEB /* Base */ = {isa = PBXFileReference; lastKnownFileType = file.storyboard; name = Base; path = Base.lproj/Main.storyboard; sourceTree = "<group>"; };
		4D0900751E6F9B77004A8FEB /* Assets.xcassets */ = {isa = PBXFileReference; lastKnownFileType = folder.assetcatalog; path = Assets.xcassets; sourceTree = "<group>"; };
		4D0900781E6F9B77004A8FEB /* Base */ = {isa = PBXFileReference; lastKnownFileType = file.storyboard; name = Base; path = Base.lproj/LaunchScreen.storyboard; sourceTree = "<group>"; };
		4D09007A1E6F9B77004A8FEB /* Info.plist */ = {isa = PBXFileReference; lastKnownFileType = text.plist.xml; path = Info.plist; sourceTree = "<group>"; };
/* End PBXFileReference section */

/* Begin PBXFrameworksBuildPhase section */
		4D0900681E6F9B77004A8FEB /* Frameworks */ = {
			isa = PBXFrameworksBuildPhase;
			buildActionMask = 2147483647;
			files = (
			);
			runOnlyForDeploymentPostprocessing = 0;
		};
/* End PBXFrameworksBuildPhase section */

/* Begin PBXGroup section */
		4D0900621E6F9B77004A8FEB = {
			isa = PBXGroup;
			children = (
				4D09006D1E6F9B77004A8FEB /* GymBro */,
				4D09006C1E6F9B77004A8FEB /* Products */,
			);
			sourceTree = "<group>";
		};
		4D09006C1E6F9B77004A8FEB /* Products */ = {
			isa = PBXGroup;
			children = (
				4D09006B1E6F9B77004A8FEB /* GymBro.app */,
			);
			name = Products;
			sourceTree = "<group>";
		};
		4D09006D1E6F9B77004A8FEB /* GymBro */ = {
			isa = PBXGroup;
			children = (
				4D09006E1E6F9B77004A8FEB /* AppDelegate.swift */,
				4D0900701E6F9B77004A8FEB /* ViewController.swift */,
				4D0900721E6F9B77004A8FEB /* Main.storyboard */,
				4D0900751E6F9B77004A8FEB /* Assets.xcassets */,
				4D0900771E6F9B77004A8FEB /* LaunchScreen.storyboard */,
				4D09007A1E6F9B77004A8FEB /* Info.plist */,
			);
			path = GymBro;
			sourceTree = "<group>";
		};
/* End PBXGroup section */

/* Begin PBXNativeTarget section */
		4D09006A1E6F9B77004A8FEB /* GymBro */ = {
			isa = PBXNativeTarget;
			buildConfigurationList = 4D09007D1E6F9B77004A8FEB /* Build configuration list for PBXNativeTarget "GymBro" */;
			buildPhases = (
				4D0900671E6F9B77004A8FEB /* Sources */,
				4D0900681E6F9B77004A8FEB /* Frameworks */,
				4D0900691E6F9B77004A8FEB /* Resources */,
			);
			buildRules = (
			);
			dependencies = (
			);
			name = GymBro;
			productName = GymBro;
			productReference = 4D09006B1E6F9B77004A8FEB /* GymBro.app */;
			productType = "com.apple.product-type.application";
		};
/* End PBXNativeTarget section */

/* Begin PBXProject section */
		4D0900631E6F9B77004A8FEB /* Project object */ = {
			isa = PBXProject;
			attributes = {
				LastSwiftUpdateCheck = 0820;
				LastUpgradeCheck = 0820;
				ORGANIZATIONNAME = "eury colon";
				TargetAttributes = {
					4D09006A1E6F9B77004A8FEB = {
						CreatedOnToolsVersion = 8.2.1;
						DevelopmentTeam = W53PK62Y7C;
						ProvisioningStyle = Automatic;
					};
				};
			};
			buildConfigurationList = 4D0900661E6F9B77004A8FEB /* Build configuration list for PBXProject "GymBro" */;
			compatibilityVersion = "Xcode 3.2";
			developmentRegion = English;
			hasScannedForEncodings = 0;
			knownRegions = (
				en,
				Base,
			);
			mainGroup = 4D0900621E6F9B77004A8FEB;
			productRefGroup = 4D09006C1E6F9B77004A8FEB /* Products */;
			projectDirPath = "";
			projectRoot = "";
			targets = (
				4D09006A1E6F9B77004A8FEB /* GymBro */,
			);
		};
/* End PBXProject section */

/* Begin PBXResourcesBuildPhase section */
		4D0900691E6F9B77004A8FEB /* Resources */ = {
			isa = PBXResourcesBuildPhase;
			buildActionMask = 2147483647;
			files = (
				4D0900791E6F9B77004A8FEB /* LaunchScreen.storyboard in Resources */,
				4D0900761E6F9B77004A8FEB /* Assets.xcassets in Resources */,
				4D0900741E6F9B77004A8FEB /* Main.storyboard in Resources */,
			);
			runOnlyForDeploymentPostprocessing = 0;
		};
/* End PBXResourcesBuildPhase section */

/* Begin PBXSourcesBuildPhase section */
		4D0900671E6F9B77004A8FEB /* Sources */ = {
			isa = PBXSourcesBuildPhase;
			buildActionMask = 2147483647;
			files = (
				4D0900711E6F9B77004A8FEB /* ViewController.swift in Sources */,
				4D09006F1E6F9B77004A8FEB /* AppDelegate.swift in Sources */,
			);
			runOnlyForDeploymentPostprocessing = 0;
		};
/* End PBXSourcesBuildPhase section */

/* Begin PBXVariantGroup section */
		4D0900721E6F9B77004A8FEB /* Main.storyboard */ = {
			isa = PBXVariantGroup;
			children = (
				4D0900731E6F9B77004A8FEB /* Base */,
			);
			name = Main.storyboard;
			sourceTree = "<group>";
		};
		4D0900771E6F9B77004A8FEB /* LaunchScreen.storyboard */ = {
			isa = PBXVariantGroup;
			children = (
				4D0900781E6F9B77004A8FEB /* Base */,
			);
			name = LaunchScreen.storyboard;
			sourceTree = "<group>";
		};
/* End PBXVariantGroup section */

/* Begin XCBuildConfiguration section */
		4D09007B1E6F9B77004A8FEB /* Debug */ = {
			isa = XCBuildConfiguration;
			buildSettings = {
				ALWAYS_SEARCH_USER_PATHS = NO;
				CLANG_ANALYZER_NONNULL = YES;
				CLANG_CXX_LANGUAGE_STANDARD = "gnu++0x";
				CLANG_CXX_LIBRARY = "libc++";
				CLANG_ENABLE_MODULES = YES;
				CLANG_ENABLE_OBJC_ARC = YES;
				CLANG_WARN_BOOL_CONVERSION = YES;
				CLANG_WARN_CONSTANT_CONVERSION = YES;
				CLANG_WARN_DIRECT_OBJC_ISA_USAGE = YES_ERROR;
				CLANG_WARN_DOCUMENTATION_COMMENTS = YES;
				CLANG_WARN_EMPTY_BODY = YES;
				CLANG_WARN_ENUM_CONVERSION = YES;
				CLANG_WARN_INFINITE_RECURSION = YES;
				CLANG_WARN_INT_CONVERSION = YES;
				CLANG_WARN_OBJC_ROOT_CLASS = YES_ERROR;
				CLANG_WARN_SUSPICIOUS_MOVE = YES;
				CLANG_WARN_UNREACHABLE_CODE = YES;
				CLANG_WARN__DUPLICATE_METHOD_MATCH = YES;
				"CODE_SIGN_IDENTITY[sdk=iphoneos*]" = "iPhone Developer";
				COPY_PHASE_STRIP = NO;
				DEBUG_INFORMATION_FORMAT = dwarf;
				ENABLE_STRICT_OBJC_MSGSEND = YES;
				ENABLE_TESTABILITY = YES;
				GCC_C_LANGUAGE_STANDARD = gnu99;
				GCC_DYNAMIC_NO_PIC = NO;
				GCC_NO_COMMON_BLOCKS = YES;
				GCC_OPTIMIZATION_LEVEL = 0;
				GCC_PREPROCESSOR_DEFINITIONS = (
					"DEBUG=1",
					"$(inherited)",
				);
				GCC_WARN_64_TO_32_BIT_CONVERSION = YES;
				GCC_WARN_ABOUT_RETURN_TYPE = YES_ERROR;
				GCC_WARN_UNDECLARED_SELECTOR = YES;
				GCC_WARN_UNINITIALIZED_AUTOS = YES_AGGRESSIVE;
				GCC_WARN_UNUSED_FUNCTION = YES;
				GCC_WARN_UNUSED_VARIABLE = YES;
				IPHONEOS_DEPLOYMENT_TARGET = 10.2;
				MTL_ENABLE_DEBUG_INFO = YES;
				ONLY_ACTIVE_ARCH = YES;
				SDKROOT = iphoneos;
				SWIFT_ACTIVE_COMPILATION_CONDITIONS = DEBUG;
				SWIFT_OPTIMIZATION_LEVEL = "-Onone";
				TARGETED_DEVICE_FAMILY = "1,2";
			};
			name = Debug;
		};
		4D09007C1E6F9B77004A8FEB /* Release */ = {
			isa = XCBuildConfiguration;
			buildSettings = {
				ALWAYS_SEARCH_USER_PATHS = NO;
				CLANG_ANALYZER_NONNULL = YES;
				CLANG_CXX_LANGUAGE_STANDARD = "gnu++0x";
				CLANG_CXX_LIBRARY = "libc++";
				CLANG_ENABLE_MODULES = YES;
				CLANG_ENABLE_OBJC_ARC = YES;
				CLANG_WARN_BOOL_CONVERSION = YES;
				CLANG_WARN_CONSTANT_CONVERSION = YES;
				CLANG_WARN_DIRECT_OBJC_ISA_USAGE = YES_ERROR;
				CLANG_WARN_DOCUMENTATION_COMMENTS = YES;
				CLANG_WARN_EMPTY_BODY = YES;
				CLANG_WARN_ENUM_CONVERSION = YES;
				CLANG_WARN_INFINITE_RECURSION = YES;
				CLANG_WARN_INT_CONVERSION = YES;
				CLANG_WARN_OBJC_ROOT_CLASS = YES_ERROR;
				CLANG_WARN_SUSPICIOUS_MOVE = YES;
				CLANG_WARN_UNREACHABLE_CODE = YES;
				CLANG_WARN__DUPLICATE_METHOD_MATCH = YES;
				"CODE_SIGN_IDENTITY[sdk=iphoneos*]" = "iPhone Developer";
				COPY_PHASE_STRIP = NO;
				DEBUG_INFORMATION_FORMAT = "dwarf-with-dsym";
				ENABLE_NS_ASSERTIONS = NO;
				ENABLE_STRICT_OBJC_MSGSEND = YES;
				GCC_C_LANGUAGE_STANDARD = gnu99;
				GCC_NO_COMMON_BLOCKS = YES;
				GCC_WARN_64_TO_32_BIT_CONVERSION = YES;
				GCC_WARN_ABOUT_RETURN_TYPE = YES_ERROR;
				GCC_WARN_UNDECLARED_SELECTOR = YES;
				GCC_WARN_UNINITIALIZED_AUTOS = YES_AGGRESSIVE;
				GCC_WARN_UNUSED_FUNCTION = YES;
				GCC_WARN_UNUSED_VARIABLE = YES;
				IPHONEOS_DEPLOYMENT_TARGET = 10.2;
				MTL_ENABLE_DEBUG_INFO = NO;
				SDKROOT = iphoneos;
				SWIFT_OPTIMIZATION_LEVEL = "-Owholemodule";
				TARGETED_DEVICE_FAMILY = "1,2";
				VALIDATE_PRODUCT = YES;
			};
			name = Release;
		};
		4D09007E1E6F9B77004A8FEB /* Debug */ = {
			isa = XCBuildConfiguration;
			buildSettings = {
				ASSETCATALOG_COMPILER_APPICON_NAME = AppIcon;
				DEVELOPMENT_TEAM = W53PK62Y7C;
				INFOPLIST_FILE = GymBro/Info.plist;
				LD_RUNPATH_SEARCH_PATHS = "$(inherited) @executable_path/Frameworks";
				PRODUCT_BUNDLE_IDENTIFIER = com.gk.GymBro;
				PRODUCT_NAME = "$(TARGET_NAME)";
				SWIFT_VERSION = 3.0;
			};
			name = Debug;
		};
		4D09007F1E6F9B77004A8FEB /* Release */ = {
			isa = XCBuildConfiguration;
			buildSettings = {
				ASSETCATALOG_COMPILER_APPICON_NAME = AppIcon;
				DEVELOPMENT_TEAM = W53PK62Y7C;
				INFOPLIST_FILE = GymBro/Info.plist;
				LD_RUNPATH_SEARCH_PATHS = "$(inherited) @executable_path/Frameworks";
				PRODUCT_BUNDLE_IDENTIFIER = com.gk.GymBro;
				PRODUCT_NAME = "$(TARGET_NAME)";
				SWIFT_VERSION = 3.0;
			};
			name = Release;
		};
/* End XCBuildConfiguration section */

/* Begin XCConfigurationList section */
		4D0900661E6F9B77004A8FEB /* Build configuration list for PBXProject "GymBro" */ = {
			isa = XCConfigurationList;
			buildConfigurations = (
				4D09007B1E6F9B77004A8FEB /* Debug */,
				4D09007C1E6F9B77004A8FEB /* Release */,
			);
			defaultConfigurationIsVisible = 0;
			defaultConfigurationName = Release;
		};
		4D09007D1E6F9B77004A8FEB /* Build configuration list for PBXNativeTarget "GymBro" */ = {
			isa = XCConfigurationList;
			buildConfigurations = (
				4D09007E1E6F9B77004A8FEB /* Debug */,
				4D09007F1E6F9B77004A8FEB /* Release */,
			);
			defaultConfigurationIsVisible = 0;
		};
/* End XCConfigurationList section */
	};
	rootObject = 4D0900631E6F9B77004A8FEB /* Project object */;
}
